
Microsoft Visual Studio Solution File, Format Version 12.00
# Visual Studio Version 16
VisualStudioVersion = 16.0.29926.136
MinimumVisualStudioVersion = 10.0.40219.1
Project("{FAE04EC0-301F-11D3-BF4B-00C04F79EFBC}") = "SimpleBindingWPF", "SimpleBindingWPF\SimpleBindingWPF.csproj", "{B14F7BB6-2B02-4114-A8DF-A00B4F018502}"
EndProject
Global
	GlobalSection(SolutionConfigurationPlatforms) = preSolution
		Debug|Any CPU = Debug|Any CPU
		Release|Any CPU = Release|Any CPU
	EndGlobalSection
	GlobalSection(ProjectConfigurationPlatforms) = postSolution
		{B14F7BB6-2B02-4114-A8DF-A00B4F018502}.Debug|Any CPU.ActiveCfg = Debug|Any CPU
		{B14F7BB6-2B02-4114-A8DF-A00B4F018502}.Debug|Any CPU.Build.0 = Debug|Any CPU
		{B14F7BB6-2B02-4114-A8DF-A00B4F018502}.Release|Any CPU.ActiveCfg = Release|Any CPU
		{B14F7BB6-2B02-4114-A8DF-A00B4F018502}.Release|Any CPU.Build.0 = Release|Any CPU
	EndGlobalSection
	GlobalSection(SolutionProperties) = preSolution
		HideSolutionNode = FALSE
	EndGlobalSection
	GlobalSection(ExtensibilityGlobals) = postSolution
		SolutionGuid = {03496E2D-65EF-48FE-A805-82D51153293E}
	EndGlobalSection
EndGlobal
